// !$*UTF8*$!
{
	archiveVersion = 1;
	classes = {
	};
	objectVersion = 55;
	objects = {

/* Begin PBXBuildFile section */
		5705858D270215E9008C88A7 /* Lesson_15_Wrap_Up_ChallengeApp.swift in Sources */ = {isa = PBXBuildFile; fileRef = 5705858C270215E9008C88A7 /* Lesson_15_Wrap_Up_ChallengeApp.swift */; };
		5705858F270215E9008C88A7 /* ContentView.swift in Sources */ = {isa = PBXBuildFile; fileRef = 5705858E270215E9008C88A7 /* ContentView.swift */; };
		57058591270215EA008C88A7 /* Assets.xcassets in Resources */ = {isa = PBXBuildFile; fileRef = 57058590270215EA008C88A7 /* Assets.xcassets */; };
		57058594270215EA008C88A7 /* Preview Assets.xcassets in Resources */ = {isa = PBXBuildFile; fileRef = 57058593270215EA008C88A7 /* Preview Assets.xcassets */; };
		570585A027021675008C88A7 /* Data.json in Resources */ = {isa = PBXBuildFile; fileRef = 5705859F27021675008C88A7 /* Data.json */; };
		570585A2270216C4008C88A7 /* Book.swift in Sources */ = {isa = PBXBuildFile; fileRef = 570585A1270216C4008C88A7 /* Book.swift */; };
		570585A4270218FD008C88A7 /* GetData.swift in Sources */ = {isa = PBXBuildFile; fileRef = 570585A3270218FD008C88A7 /* GetData.swift */; };
		570585A827022F26008C88A7 /* LibraryModel.swift in Sources */ = {isa = PBXBuildFile; fileRef = 570585A727022F26008C88A7 /* LibraryModel.swift */; };
/* End PBXBuildFile section */

/* Begin PBXFileReference section */
		57058589270215E9008C88A7 /* Lesson 15 Wrap Up Challenge.app */ = {isa = PBXFileReference; explicitFileType = wrapper.application; includeInIndex = 0; path = "Lesson 15 Wrap Up Challenge.app"; sourceTree = BUILT_PRODUCTS_DIR; };
		5705858C270215E9008C88A7 /* Lesson_15_Wrap_Up_ChallengeApp.swift */ = {isa = PBXFileReference; lastKnownFileType = sourcecode.swift; path = Lesson_15_Wrap_Up_ChallengeApp.swift; sourceTree = "<group>"; };
		5705858E270215E9008C88A7 /* ContentView.swift */ = {isa = PBXFileReference; lastKnownFileType = sourcecode.swift; path = ContentView.swift; sourceTree = "<group>"; };
		57058590270215EA008C88A7 /* Assets.xcassets */ = {isa = PBXFileReference; lastKnownFileType = folder.assetcatalog; path = Assets.xcassets; sourceTree = "<group>"; };
		57058593270215EA008C88A7 /* Preview Assets.xcassets */ = {isa = PBXFileReference; lastKnownFileType = folder.assetcatalog; path = "Preview Assets.xcassets"; sourceTree = "<group>"; };
		5705859F27021675008C88A7 /* Data.json */ = {isa = PBXFileReference; fileEncoding = 4; lastKnownFileType = text.json; path = Data.json; sourceTree = "<group>"; };
		570585A1270216C4008C88A7 /* Book.swift */ = {isa = PBXFileReference; lastKnownFileType = sourcecode.swift; path = Book.swift; sourceTree = "<group>"; };
		570585A3270218FD008C88A7 /* GetData.swift */ = {isa = PBXFileReference; lastKnownFileType = sourcecode.swift; path = GetData.swift; sourceTree = "<group>"; };
		570585A727022F26008C88A7 /* LibraryModel.swift */ = {isa = PBXFileReference; lastKnownFileType = sourcecode.swift; path = LibraryModel.swift; sourceTree = "<group>"; };
/* End PBXFileReference section */

/* Begin PBXFrameworksBuildPhase section */
		57058586270215E9008C88A7 /* Frameworks */ = {
			isa = PBXFrameworksBuildPhase;
			buildActionMask = 2147483647;
			files = (
			);
			runOnlyForDeploymentPostprocessing = 0;
		};
/* End PBXFrameworksBuildPhase section */

/* Begin PBXGroup section */
		57058580270215E9008C88A7 = {
			isa = PBXGroup;
			children = (
				5705858B270215E9008C88A7 /* Lesson 15 Wrap Up Challenge */,
				5705858A270215E9008C88A7 /* Products */,
			);
			sourceTree = "<group>";
		};
		5705858A270215E9008C88A7 /* Products */ = {
			isa = PBXGroup;
			children = (
				57058589270215E9008C88A7 /* Lesson 15 Wrap Up Challenge.app */,
			);
			name = Products;
			sourceTree = "<group>";
		};
		5705858B270215E9008C88A7 /* Lesson 15 Wrap Up Challenge */ = {
			isa = PBXGroup;
			children = (
				5705859E27021655008C88A7 /* ViewModels */,
				5705859D27021649008C88A7 /* Models */,
				5705859C27021642008C88A7 /* Views */,
				5705859B27021639008C88A7 /* Utilities */,
				5705859A2702162B008C88A7 /* Data */,
				5705858C270215E9008C88A7 /* Lesson_15_Wrap_Up_ChallengeApp.swift */,
				57058590270215EA008C88A7 /* Assets.xcassets */,
				57058592270215EA008C88A7 /* Preview Content */,
			);
			path = "Lesson 15 Wrap Up Challenge";
			sourceTree = "<group>";
		};
		57058592270215EA008C88A7 /* Preview Content */ = {
			isa = PBXGroup;
			children = (
				57058593270215EA008C88A7 /* Preview Assets.xcassets */,
			);
			path = "Preview Content";
			sourceTree = "<group>";
		};
		5705859A2702162B008C88A7 /* Data */ = {
			isa = PBXGroup;
			children = (
				5705859F27021675008C88A7 /* Data.json */,
			);
			path = Data;
			sourceTree = "<group>";
		};
		5705859B27021639008C88A7 /* Utilities */ = {
			isa = PBXGroup;
			children = (
				570585A3270218FD008C88A7 /* GetData.swift */,
			);
			path = Utilities;
			sourceTree = "<group>";
		};
		5705859C27021642008C88A7 /* Views */ = {
			isa = PBXGroup;
			children = (
				5705858E270215E9008C88A7 /* ContentView.swift */,
			);
			path = Views;
			sourceTree = "<group>";
		};
		5705859D27021649008C88A7 /* Models */ = {
			isa = PBXGroup;
			children = (
				570585A1270216C4008C88A7 /* Book.swift */,
			);
			path = Models;
			sourceTree = "<group>";
		};
		5705859E27021655008C88A7 /* ViewModels */ = {
			isa = PBXGroup;
			children = (
				570585A727022F26008C88A7 /* LibraryModel.swift */,
			);
			path = ViewModels;
			sourceTree = "<group>";
		};
/* End PBXGroup section */

/* Begin PBXNativeTarget section */
		57058588270215E9008C88A7 /* Lesson 15 Wrap Up Challenge */ = {
			isa = PBXNativeTarget;
			buildConfigurationList = 57058597270215EA008C88A7 /* Build configuration list for PBXNativeTarget "Lesson 15 Wrap Up Challenge" */;
			buildPhases = (
				57058585270215E9008C88A7 /* Sources */,
				57058586270215E9008C88A7 /* Frameworks */,
				57058587270215E9008C88A7 /* Resources */,
			);
			buildRules = (
			);
			dependencies = (
			);
			name = "Lesson 15 Wrap Up Challenge";
			productName = "Lesson 15 Wrap Up Challenge";
			productReference = 57058589270215E9008C88A7 /* Lesson 15 Wrap Up Challenge.app */;
			productType = "com.apple.product-type.application";
		};
/* End PBXNativeTarget section */

/* Begin PBXProject section */
		57058581270215E9008C88A7 /* Project object */ = {
			isa = PBXProject;
			attributes = {
				BuildIndependentTargetsInParallel = 1;
				LastSwiftUpdateCheck = 1300;
				LastUpgradeCheck = 1300;
				TargetAttributes = {
					57058588270215E9008C88A7 = {
						CreatedOnToolsVersion = 13.0;
					};
				};
			};
			buildConfigurationList = 57058584270215E9008C88A7 /* Build configuration list for PBXProject "Lesson 15 Wrap Up Challenge" */;
			compatibilityVersion = "Xcode 13.0";
			developmentRegion = en;
			hasScannedForEncodings = 0;
			knownRegions = (
				en,
				Base,
			);
			mainGroup = 57058580270215E9008C88A7;
			productRefGroup = 5705858A270215E9008C88A7 /* Products */;
			projectDirPath = "";
			projectRoot = "";
			targets = (
				57058588270215E9008C88A7 /* Lesson 15 Wrap Up Challenge */,
			);
		};
/* End PBXProject section */

/* Begin PBXResourcesBuildPhase section */
		57058587270215E9008C88A7 /* Resources */ = {
			isa = PBXResourcesBuildPhase;
			buildActionMask = 2147483647;
			files = (
				57058594270215EA008C88A7 /* Preview Assets.xcassets in Resources */,
				57058591270215EA008C88A7 /* Assets.xcassets in Resources */,
				570585A027021675008C88A7 /* Data.json in Resources */,
			);
			runOnlyForDeploymentPostprocessing = 0;
		};
/* End PBXResourcesBuildPhase section */

/* Begin PBXSourcesBuildPhase section */
		57058585270215E9008C88A7 /* Sources */ = {
			isa = PBXSourcesBuildPhase;
			buildActionMask = 2147483647;
			files = (
				570585A827022F26008C88A7 /* LibraryModel.swift in Sources */,
				5705858F270215E9008C88A7 /* ContentView.swift in Sources */,
				5705858D270215E9008C88A7 /* Lesson_15_Wrap_Up_ChallengeApp.swift in Sources */,
				570585A4270218FD008C88A7 /* GetData.swift in Sources */,
				570585A2270216C4008C88A7 /* Book.swift in Sources */,
			);
			runOnlyForDeploymentPostprocessing = 0;
		};
/* End PBXSourcesBuildPhase section */

/* Begin XCBuildConfiguration section */
		57058595270215EA008C88A7 /* Debug */ = {
			isa = XCBuildConfiguration;
			buildSettings = {
				ALWAYS_SEARCH_USER_PATHS = NO;
				CLANG_ANALYZER_NONNULL = YES;
				CLANG_ANALYZER_NUMBER_OBJECT_CONVERSION = YES_AGGRESSIVE;
				CLANG_CXX_LANGUAGE_STANDARD = "gnu++17";
				CLANG_CXX_LIBRARY = "libc++";
				CLANG_ENABLE_MODULES = YES;
				CLANG_ENABLE_OBJC_ARC = YES;
				CLANG_ENABLE_OBJC_WEAK = YES;
				CLANG_WARN_BLOCK_CAPTURE_AUTORELEASING = YES;
				CLANG_WARN_BOOL_CONVERSION = YES;
				CLANG_WARN_COMMA = YES;
				CLANG_WARN_CONSTANT_CONVERSION = YES;
				CLANG_WARN_DEPRECATED_OBJC_IMPLEMENTATIONS = YES;
				CLANG_WARN_DIRECT_OBJC_ISA_USAGE = YES_ERROR;
				CLANG_WARN_DOCUMENTATION_COMMENTS = YES;
				CLANG_WARN_EMPTY_BODY = YES;
				CLANG_WARN_ENUM_CONVERSION = YES;
				CLANG_WARN_INFINITE_RECURSION = YES;
				CLANG_WARN_INT_CONVERSION = YES;
				CLANG_WARN_NON_LITERAL_NULL_CONVERSION = YES;
				CLANG_WARN_OBJC_IMPLICIT_RETAIN_SELF = YES;
				CLANG_WARN_OBJC_LITERAL_CONVERSION = YES;
				CLANG_WARN_OBJC_ROOT_CLASS = YES_ERROR;
				CLANG_WARN_QUOTED_INCLUDE_IN_FRAMEWORK_HEADER = YES;
				CLANG_WARN_RANGE_LOOP_ANALYSIS = YES;
				CLANG_WARN_STRICT_PROTOTYPES = YES;
				CLANG_WARN_SUSPICIOUS_MOVE = YES;
				CLANG_WARN_UNGUARDED_AVAILABILITY = YES_AGGRESSIVE;
				CLANG_WARN_UNREACHABLE_CODE = YES;
				CLANG_WARN__DUPLICATE_METHOD_MATCH = YES;
				COPY_PHASE_STRIP = NO;
				DEBUG_INFORMATION_FORMAT = dwarf;
				ENABLE_STRICT_OBJC_MSGSEND = YES;
				ENABLE_TESTABILITY = YES;
				GCC_C_LANGUAGE_STANDARD = gnu11;
				GCC_DYNAMIC_NO_PIC = NO;
				GCC_NO_COMMON_BLOCKS = YES;
				GCC_OPTIMIZATION_LEVEL = 0;
				GCC_PREPROCESSOR_DEFINITIONS = (
					"DEBUG=1",
					"$(inherited)",
				);
				GCC_WARN_64_TO_32_BIT_CONVERSION = YES;
				GCC_WARN_ABOUT_RETURN_TYPE = YES_ERROR;
				GCC_WARN_UNDECLARED_SELECTOR = YES;
				GCC_WARN_UNINITIALIZED_AUTOS = YES_AGGRESSIVE;
				GCC_WARN_UNUSED_FUNCTION = YES;
				GCC_WARN_UNUSED_VARIABLE = YES;
				IPHONEOS_DEPLOYMENT_TARGET = 15.0;
				MTL_ENABLE_DEBUG_INFO = INCLUDE_SOURCE;
				MTL_FAST_MATH = YES;
				ONLY_ACTIVE_ARCH = YES;
				SDKROOT = iphoneos;
				SWIFT_ACTIVE_COMPILATION_CONDITIONS = DEBUG;
				SWIFT_OPTIMIZATION_LEVEL = "-Onone";
			};
			name = Debug;
		};
		57058596270215EA008C88A7 /* Release */ = {
			isa = XCBuildConfiguration;
			buildSettings = {
				ALWAYS_SEARCH_USER_PATHS = NO;
				CLANG_ANALYZER_NONNULL = YES;
				CLANG_ANALYZER_NUMBER_OBJECT_CONVERSION = YES_AGGRESSIVE;
				CLANG_CXX_LANGUAGE_STANDARD = "gnu++17";
				CLANG_CXX_LIBRARY = "libc++";
				CLANG_ENABLE_MODULES = YES;
				CLANG_ENABLE_OBJC_ARC = YES;
				CLANG_ENABLE_OBJC_WEAK = YES;
				CLANG_WARN_BLOCK_CAPTURE_AUTORELEASING = YES;
				CLANG_WARN_BOOL_CONVERSION = YES;
				CLANG_WARN_COMMA = YES;
				CLANG_WARN_CONSTANT_CONVERSION = YES;
				CLANG_WARN_DEPRECATED_OBJC_IMPLEMENTATIONS = YES;
				CLANG_WARN_DIRECT_OBJC_ISA_USAGE = YES_ERROR;
				CLANG_WARN_DOCUMENTATION_COMMENTS = YES;
				CLANG_WARN_EMPTY_BODY = YES;
				CLANG_WARN_ENUM_CONVERSION = YES;
				CLANG_WARN_INFINITE_RECURSION = YES;
				CLANG_WARN_INT_CONVERSION = YES;
				CLANG_WARN_NON_LITERAL_NULL_CONVERSION = YES;
				CLANG_WARN_OBJC_IMPLICIT_RETAIN_SELF = YES;
				CLANG_WARN_OBJC_LITERAL_CONVERSION = YES;
				CLANG_WARN_OBJC_ROOT_CLASS = YES_ERROR;
				CLANG_WARN_QUOTED_INCLUDE_IN_FRAMEWORK_HEADER = YES;
				CLANG_WARN_RANGE_LOOP_ANALYSIS = YES;
				CLANG_WARN_STRICT_PROTOTYPES = YES;
				CLANG_WARN_SUSPICIOUS_MOVE = YES;
				CLANG_WARN_UNGUARDED_AVAILABILITY = YES_AGGRESSIVE;
				CLANG_WARN_UNREACHABLE_CODE = YES;
				CLANG_WARN__DUPLICATE_METHOD_MATCH = YES;
				COPY_PHASE_STRIP = NO;
				DEBUG_INFORMATION_FORMAT = "dwarf-with-dsym";
				ENABLE_NS_ASSERTIONS = NO;
				ENABLE_STRICT_OBJC_MSGSEND = YES;
				GCC_C_LANGUAGE_STANDARD = gnu11;
				GCC_NO_COMMON_BLOCKS = YES;
				GCC_WARN_64_TO_32_BIT_CONVERSION = YES;
				GCC_WARN_ABOUT_RETURN_TYPE = YES_ERROR;
				GCC_WARN_UNDECLARED_SELECTOR = YES;
				GCC_WARN_UNINITIALIZED_AUTOS = YES_AGGRESSIVE;
				GCC_WARN_UNUSED_FUNCTION = YES;
				GCC_WARN_UNUSED_VARIABLE = YES;
				IPHONEOS_DEPLOYMENT_TARGET = 15.0;
				MTL_ENABLE_DEBUG_INFO = NO;
				MTL_FAST_MATH = YES;
				SDKROOT = iphoneos;
				SWIFT_COMPILATION_MODE = wholemodule;
				SWIFT_OPTIMIZATION_LEVEL = "-O";
				VALIDATE_PRODUCT = YES;
			};
			name = Release;
		};
		57058598270215EA008C88A7 /* Debug */ = {
			isa = XCBuildConfiguration;
			buildSettings = {
				ASSETCATALOG_COMPILER_APPICON_NAME = AppIcon;
				ASSETCATALOG_COMPILER_GLOBAL_ACCENT_COLOR_NAME = AccentColor;
				CODE_SIGN_STYLE = Automatic;
				CURRENT_PROJECT_VERSION = 1;
				DEVELOPMENT_ASSET_PATHS = "\"Lesson 15 Wrap Up Challenge/Preview Content\"";
				DEVELOPMENT_TEAM = 77D73LVZM4;
				ENABLE_PREVIEWS = YES;
				GENERATE_INFOPLIST_FILE = YES;
				INFOPLIST_KEY_UIApplicationSceneManifest_Generation = YES;
				INFOPLIST_KEY_UIApplicationSupportsIndirectInputEvents = YES;
				INFOPLIST_KEY_UILaunchScreen_Generation = YES;
				INFOPLIST_KEY_UISupportedInterfaceOrientations_iPad = "UIInterfaceOrientationPortrait UIInterfaceOrientationPortraitUpsideDown UIInterfaceOrientationLandscapeLeft UIInterfaceOrientationLandscapeRight";
				INFOPLIST_KEY_UISupportedInterfaceOrientations_iPhone = "UIInterfaceOrientationPortrait UIInterfaceOrientationLandscapeLeft UIInterfaceOrientationLandscapeRight";
				IPHONEOS_DEPLOYMENT_TARGET = 14.0;
				LD_RUNPATH_SEARCH_PATHS = (
					"$(inherited)",
					"@executable_path/Frameworks",
				);
				MARKETING_VERSION = 1.0;
				PRODUCT_BUNDLE_IDENTIFIER = "com.erbender.Lesson-15-Wrap-Up-Challenge";
				PRODUCT_NAME = "$(TARGET_NAME)";
				SWIFT_EMIT_LOC_STRINGS = YES;
				SWIFT_VERSION = 5.0;
				TARGETED_DEVICE_FAMILY = "1,2";
			};
			name = Debug;
		};
		57058599270215EA008C88A7 /* Release */ = {
			isa = XCBuildConfiguration;
			buildSettings = {
				ASSETCATALOG_COMPILER_APPICON_NAME = AppIcon;
				ASSETCATALOG_COMPILER_GLOBAL_ACCENT_COLOR_NAME = AccentColor;
				CODE_SIGN_STYLE = Automatic;
				CURRENT_PROJECT_VERSION = 1;
				DEVELOPMENT_ASSET_PATHS = "\"Lesson 15 Wrap Up Challenge/Preview Content\"";
				DEVELOPMENT_TEAM = 77D73LVZM4;
				ENABLE_PREVIEWS = YES;
				GENERATE_INFOPLIST_FILE = YES;
				INFOPLIST_KEY_UIApplicationSceneManifest_Generation = YES;
				INFOPLIST_KEY_UIApplicationSupportsIndirectInputEvents = YES;
				INFOPLIST_KEY_UILaunchScreen_Generation = YES;
				INFOPLIST_KEY_UISupportedInterfaceOrientations_iPad = "UIInterfaceOrientationPortrait UIInterfaceOrientationPortraitUpsideDown UIInterfaceOrientationLandscapeLeft UIInterfaceOrientationLandscapeRight";
				INFOPLIST_KEY_UISupportedInterfaceOrientations_iPhone = "UIInterfaceOrientationPortrait UIInterfaceOrientationLandscapeLeft UIInterfaceOrientationLandscapeRight";
				IPHONEOS_DEPLOYMENT_TARGET = 14.0;
				LD_RUNPATH_SEARCH_PATHS = (
					"$(inherited)",
					"@executable_path/Frameworks",
				);
				MARKETING_VERSION = 1.0;
				PRODUCT_BUNDLE_IDENTIFIER = "com.erbender.Lesson-15-Wrap-Up-Challenge";
				PRODUCT_NAME = "$(TARGET_NAME)";
				SWIFT_EMIT_LOC_STRINGS = YES;
				SWIFT_VERSION = 5.0;
				TARGETED_DEVICE_FAMILY = "1,2";
			};
			name = Release;
		};
/* End XCBuildConfiguration section */

/* Begin XCConfigurationList section */
		57058584270215E9008C88A7 /* Build configuration list for PBXProject "Lesson 15 Wrap Up Challenge" */ = {
			isa = XCConfigurationList;
			buildConfigurations = (
				57058595270215EA008C88A7 /* Debug */,
				57058596270215EA008C88A7 /* Release */,
			);
			defaultConfigurationIsVisible = 0;
			defaultConfigurationName = Release;
		};
		57058597270215EA008C88A7 /* Build configuration list for PBXNativeTarget "Lesson 15 Wrap Up Challenge" */ = {
			isa = XCConfigurationList;
			buildConfigurations = (
				57058598270215EA008C88A7 /* Debug */,
				57058599270215EA008C88A7 /* Release */,
			);
			defaultConfigurationIsVisible = 0;
			defaultConfigurationName = Release;
		};
/* End XCConfigurationList section */
	};
	rootObject = 57058581270215E9008C88A7 /* Project object */;
}
